// !$*UTF8*$!
{
	archiveVersion = 1;
	classes = {
	};
	objectVersion = 46;
	objects = {

/* Begin PBXBuildFile section */
		37128DDD1662C59600EFBF50 /* ResultsViewController.m in Sources */ = {isa = PBXBuildFile; fileRef = 37128DDC1662C59600EFBF50 /* ResultsViewController.m */; };
		37128DE51662C85D00EFBF50 /* Background-568h@2x.png in Resources */ = {isa = PBXBuildFile; fileRef = 37128DDF1662C85D00EFBF50 /* Background-568h@2x.png */; };
		37128DE61662C85D00EFBF50 /* Background.png in Resources */ = {isa = PBXBuildFile; fileRef = 37128DE01662C85D00EFBF50 /* Background.png */; };
		37128DE71662C85D00EFBF50 /* Background@2x.png in Resources */ = {isa = PBXBuildFile; fileRef = 37128DE11662C85D00EFBF50 /* Background@2x.png */; };
		37128DE81662C85D00EFBF50 /* Logo-568h@2x.png in Resources */ = {isa = PBXBuildFile; fileRef = 37128DE21662C85D00EFBF50 /* Logo-568h@2x.png */; };
		37128DE91662C85D00EFBF50 /* Logo.png in Resources */ = {isa = PBXBuildFile; fileRef = 37128DE31662C85D00EFBF50 /* Logo.png */; };
		37128DEA1662C85D00EFBF50 /* Logo@2x.png in Resources */ = {isa = PBXBuildFile; fileRef = 37128DE41662C85D00EFBF50 /* Logo@2x.png */; };
		372B255E1664495D0037D64F /* Map-568h@2x in Resources */ = {isa = PBXBuildFile; fileRef = 372B255B1664495D0037D64F /* Map-568h@2x */; };
		372B255F1664495D0037D64F /* Map.png in Resources */ = {isa = PBXBuildFile; fileRef = 372B255C1664495D0037D64F /* Map.png */; };
		372B25601664495D0037D64F /* Map@2x.png in Resources */ = {isa = PBXBuildFile; fileRef = 372B255D1664495D0037D64F /* Map@2x.png */; };
		372B256316644B270037D64F /* MapViewController.m in Sources */ = {isa = PBXBuildFile; fileRef = 372B256216644B270037D64F /* MapViewController.m */; };
		376FBE8D16630A970005E246 /* LocationsBG-568h@2x.png in Resources */ = {isa = PBXBuildFile; fileRef = 376FBE8A16630A970005E246 /* LocationsBG-568h@2x.png */; };
		376FBE8E16630A970005E246 /* LocationsBG.png in Resources */ = {isa = PBXBuildFile; fileRef = 376FBE8B16630A970005E246 /* LocationsBG.png */; };
		376FBE8F16630A970005E246 /* LocationsBG@2x.png in Resources */ = {isa = PBXBuildFile; fileRef = 376FBE8C16630A970005E246 /* LocationsBG@2x.png */; };
		37B61409166501870022D381 /* DataSingleton.m in Sources */ = {isa = PBXBuildFile; fileRef = 37B61408166501870022D381 /* DataSingleton.m */; };
		37ECB5A01665A9940005364B /* Localizable.strings in Resources */ = {isa = PBXBuildFile; fileRef = 37ECB59E1665A9940005364B /* Localizable.strings */; };
		37ECB5AD1665C0D30005364B /* Map_big.png in Resources */ = {isa = PBXBuildFile; fileRef = 37ECB5AC1665C0D30005364B /* Map_big.png */; };
		37ECB5B81665CF060005364B /* Annotation.m in Sources */ = {isa = PBXBuildFile; fileRef = 37ECB5B71665CF060005364B /* Annotation.m */; };
		37ED166216607B1E0058498D /* UIKit.framework in Frameworks */ = {isa = PBXBuildFile; fileRef = 37ED166116607B1E0058498D /* UIKit.framework */; };
		37ED166416607B1E0058498D /* Foundation.framework in Frameworks */ = {isa = PBXBuildFile; fileRef = 37ED166316607B1E0058498D /* Foundation.framework */; };
		37ED166616607B1E0058498D /* CoreGraphics.framework in Frameworks */ = {isa = PBXBuildFile; fileRef = 37ED166516607B1E0058498D /* CoreGraphics.framework */; };
		37ED166C16607B1E0058498D /* InfoPlist.strings in Resources */ = {isa = PBXBuildFile; fileRef = 37ED166A16607B1E0058498D /* InfoPlist.strings */; };
		37ED166E16607B1E0058498D /* main.m in Sources */ = {isa = PBXBuildFile; fileRef = 37ED166D16607B1E0058498D /* main.m */; };
		37ED167216607B1E0058498D /* AppDelegate.m in Sources */ = {isa = PBXBuildFile; fileRef = 37ED167116607B1E0058498D /* AppDelegate.m */; };
		37ED167416607B1E0058498D /* Default.png in Resources */ = {isa = PBXBuildFile; fileRef = 37ED167316607B1E0058498D /* Default.png */; };
		37ED167616607B1E0058498D /* Default@2x.png in Resources */ = {isa = PBXBuildFile; fileRef = 37ED167516607B1E0058498D /* Default@2x.png */; };
		37ED167816607B1E0058498D /* Default-568h@2x.png in Resources */ = {isa = PBXBuildFile; fileRef = 37ED167716607B1E0058498D /* Default-568h@2x.png */; };
		37ED167B16607B1E0058498D /* MainStoryboard.storyboard in Resources */ = {isa = PBXBuildFile; fileRef = 37ED167916607B1E0058498D /* MainStoryboard.storyboard */; };
		37F14F0A1661292E00B7B903 /* Icon@2x.png in Resources */ = {isa = PBXBuildFile; fileRef = 37F14F091661292E00B7B903 /* Icon@2x.png */; };
		37F14F0D1661293100B7B903 /* Icon.png in Resources */ = {isa = PBXBuildFile; fileRef = 37F14F0C1661293100B7B903 /* Icon.png */; };
		37F14F1616612E9E00B7B903 /* AutocompleteViewController.m in Sources */ = {isa = PBXBuildFile; fileRef = 37F14F1516612E9E00B7B903 /* AutocompleteViewController.m */; };
		37F14F2E16612FEA00B7B903 /* AFHTTPClient.m in Sources */ = {isa = PBXBuildFile; fileRef = 37F14F1C16612FEA00B7B903 /* AFHTTPClient.m */; };
		37F14F2F16612FEA00B7B903 /* AFHTTPRequestOperation.m in Sources */ = {isa = PBXBuildFile; fileRef = 37F14F1E16612FEA00B7B903 /* AFHTTPRequestOperation.m */; };
		37F14F3016612FEA00B7B903 /* AFImageRequestOperation.m in Sources */ = {isa = PBXBuildFile; fileRef = 37F14F2016612FEA00B7B903 /* AFImageRequestOperation.m */; };
		37F14F3116612FEA00B7B903 /* AFJSONRequestOperation.m in Sources */ = {isa = PBXBuildFile; fileRef = 37F14F2216612FEA00B7B903 /* AFJSONRequestOperation.m */; };
		37F14F3216612FEA00B7B903 /* AFNetworkActivityIndicatorManager.m in Sources */ = {isa = PBXBuildFile; fileRef = 37F14F2416612FEA00B7B903 /* AFNetworkActivityIndicatorManager.m */; };
		37F14F3316612FEA00B7B903 /* AFPropertyListRequestOperation.m in Sources */ = {isa = PBXBuildFile; fileRef = 37F14F2716612FEA00B7B903 /* AFPropertyListRequestOperation.m */; };
		37F14F3416612FEA00B7B903 /* AFURLConnectionOperation.m in Sources */ = {isa = PBXBuildFile; fileRef = 37F14F2916612FEA00B7B903 /* AFURLConnectionOperation.m */; };
		37F14F3516612FEA00B7B903 /* AFXMLRequestOperation.m in Sources */ = {isa = PBXBuildFile; fileRef = 37F14F2B16612FEA00B7B903 /* AFXMLRequestOperation.m */; };
		37F14F3616612FEA00B7B903 /* UIImageView+AFNetworking.m in Sources */ = {isa = PBXBuildFile; fileRef = 37F14F2D16612FEA00B7B903 /* UIImageView+AFNetworking.m */; };
		37F14F381661301000B7B903 /* MapKit.framework in Frameworks */ = {isa = PBXBuildFile; fileRef = 37F14F371661301000B7B903 /* MapKit.framework */; };
		37F14F3A1661301500B7B903 /* CoreLocation.framework in Frameworks */ = {isa = PBXBuildFile; fileRef = 37F14F391661301500B7B903 /* CoreLocation.framework */; };
		37F14F3D166131A900B7B903 /* SplashScreenViewController.m in Sources */ = {isa = PBXBuildFile; fileRef = 37F14F3C166131A900B7B903 /* SplashScreenViewController.m */; };
		37F14F4016613C2500B7B903 /* LocationsViewController.m in Sources */ = {isa = PBXBuildFile; fileRef = 37F14F3F16613C2500B7B903 /* LocationsViewController.m */; };
		37F14F531661D35700B7B903 /* NSString+Helper.m in Sources */ = {isa = PBXBuildFile; fileRef = 37F14F521661D35700B7B903 /* NSString+Helper.m */; };
/* End PBXBuildFile section */

/* Begin PBXFileReference section */
		37128DDB1662C59600EFBF50 /* ResultsViewController.h */ = {isa = PBXFileReference; fileEncoding = 4; lastKnownFileType = sourcecode.c.h; name = ResultsViewController.h; path = Classes/Controllers/ResultsViewController.h; sourceTree = "<group>"; };
		37128DDC1662C59600EFBF50 /* ResultsViewController.m */ = {isa = PBXFileReference; fileEncoding = 4; lastKnownFileType = sourcecode.c.objc; name = ResultsViewController.m; path = Classes/Controllers/ResultsViewController.m; sourceTree = "<group>"; };
		37128DDF1662C85D00EFBF50 /* Background-568h@2x.png */ = {isa = PBXFileReference; lastKnownFileType = image.png; path = "Background-568h@2x.png"; sourceTree = "<group>"; };
		37128DE01662C85D00EFBF50 /* Background.png */ = {isa = PBXFileReference; lastKnownFileType = image.png; path = Background.png; sourceTree = "<group>"; };
		37128DE11662C85D00EFBF50 /* Background@2x.png */ = {isa = PBXFileReference; lastKnownFileType = image.png; path = "Background@2x.png"; sourceTree = "<group>"; };
		37128DE21662C85D00EFBF50 /* Logo-568h@2x.png */ = {isa = PBXFileReference; lastKnownFileType = image.png; path = "Logo-568h@2x.png"; sourceTree = "<group>"; };
		37128DE31662C85D00EFBF50 /* Logo.png */ = {isa = PBXFileReference; lastKnownFileType = image.png; path = Logo.png; sourceTree = "<group>"; };
		37128DE41662C85D00EFBF50 /* Logo@2x.png */ = {isa = PBXFileReference; lastKnownFileType = image.png; path = "Logo@2x.png"; sourceTree = "<group>"; };
		372B255B1664495D0037D64F /* Map-568h@2x */ = {isa = PBXFileReference; lastKnownFileType = file; path = "Map-568h@2x"; sourceTree = "<group>"; };
		372B255C1664495D0037D64F /* Map.png */ = {isa = PBXFileReference; lastKnownFileType = image.png; path = Map.png; sourceTree = "<group>"; };
		372B255D1664495D0037D64F /* Map@2x.png */ = {isa = PBXFileReference; lastKnownFileType = image.png; path = "Map@2x.png"; sourceTree = "<group>"; };
		372B256116644B260037D64F /* MapViewController.h */ = {isa = PBXFileReference; fileEncoding = 4; lastKnownFileType = sourcecode.c.h; name = MapViewController.h; path = Classes/Controllers/MapViewController.h; sourceTree = "<group>"; };
		372B256216644B270037D64F /* MapViewController.m */ = {isa = PBXFileReference; fileEncoding = 4; lastKnownFileType = sourcecode.c.objc; name = MapViewController.m; path = Classes/Controllers/MapViewController.m; sourceTree = "<group>"; };
		376FBE8A16630A970005E246 /* LocationsBG-568h@2x.png */ = {isa = PBXFileReference; lastKnownFileType = image.png; path = "LocationsBG-568h@2x.png"; sourceTree = "<group>"; };
		376FBE8B16630A970005E246 /* LocationsBG.png */ = {isa = PBXFileReference; lastKnownFileType = image.png; path = LocationsBG.png; sourceTree = "<group>"; };
		376FBE8C16630A970005E246 /* LocationsBG@2x.png */ = {isa = PBXFileReference; lastKnownFileType = image.png; path = "LocationsBG@2x.png"; sourceTree = "<group>"; };
		37B61407166501870022D381 /* DataSingleton.h */ = {isa = PBXFileReference; fileEncoding = 4; lastKnownFileType = sourcecode.c.h; name = DataSingleton.h; path = Classes/Models/DataSingleton.h; sourceTree = "<group>"; };
		37B61408166501870022D381 /* DataSingleton.m */ = {isa = PBXFileReference; fileEncoding = 4; lastKnownFileType = sourcecode.c.objc; name = DataSingleton.m; path = Classes/Models/DataSingleton.m; sourceTree = "<group>"; };
		37ECB59F1665A9940005364B /* en */ = {isa = PBXFileReference; lastKnownFileType = text.plist.strings; name = en; path = en.lproj/Localizable.strings; sourceTree = "<group>"; };
		37ECB5AC1665C0D30005364B /* Map_big.png */ = {isa = PBXFileReference; lastKnownFileType = image.png; path = Map_big.png; sourceTree = "<group>"; };
		37ECB5B61665CF060005364B /* Annotation.h */ = {isa = PBXFileReference; fileEncoding = 4; lastKnownFileType = sourcecode.c.h; name = Annotation.h; path = Classes/Views/Annotation.h; sourceTree = "<group>"; };
		37ECB5B71665CF060005364B /* Annotation.m */ = {isa = PBXFileReference; fileEncoding = 4; lastKnownFileType = sourcecode.c.objc; name = Annotation.m; path = Classes/Views/Annotation.m; sourceTree = "<group>"; };
		37ED165D16607B1E0058498D /* FareFinder.app */ = {isa = PBXFileReference; explicitFileType = wrapper.application; includeInIndex = 0; path = FareFinder.app; sourceTree = BUILT_PRODUCTS_DIR; };
		37ED166116607B1E0058498D /* UIKit.framework */ = {isa = PBXFileReference; lastKnownFileType = wrapper.framework; name = UIKit.framework; path = System/Library/Frameworks/UIKit.framework; sourceTree = SDKROOT; };
		37ED166316607B1E0058498D /* Foundation.framework */ = {isa = PBXFileReference; lastKnownFileType = wrapper.framework; name = Foundation.framework; path = System/Library/Frameworks/Foundation.framework; sourceTree = SDKROOT; };
		37ED166516607B1E0058498D /* CoreGraphics.framework */ = {isa = PBXFileReference; lastKnownFileType = wrapper.framework; name = CoreGraphics.framework; path = System/Library/Frameworks/CoreGraphics.framework; sourceTree = SDKROOT; };
		37ED166916607B1E0058498D /* FareFinder-Info.plist */ = {isa = PBXFileReference; lastKnownFileType = text.plist.xml; path = "FareFinder-Info.plist"; sourceTree = "<group>"; };
		37ED166B16607B1E0058498D /* en */ = {isa = PBXFileReference; lastKnownFileType = text.plist.strings; name = en; path = en.lproj/InfoPlist.strings; sourceTree = "<group>"; };
		37ED166D16607B1E0058498D /* main.m */ = {isa = PBXFileReference; lastKnownFileType = sourcecode.c.objc; path = main.m; sourceTree = "<group>"; };
		37ED166F16607B1E0058498D /* FareFinder-Prefix.pch */ = {isa = PBXFileReference; lastKnownFileType = sourcecode.c.h; path = "FareFinder-Prefix.pch"; sourceTree = "<group>"; };
		37ED167016607B1E0058498D /* AppDelegate.h */ = {isa = PBXFileReference; lastKnownFileType = sourcecode.c.h; path = AppDelegate.h; sourceTree = "<group>"; };
		37ED167116607B1E0058498D /* AppDelegate.m */ = {isa = PBXFileReference; lastKnownFileType = sourcecode.c.objc; path = AppDelegate.m; sourceTree = "<group>"; };
		37ED167316607B1E0058498D /* Default.png */ = {isa = PBXFileReference; lastKnownFileType = image.png; path = Default.png; sourceTree = "<group>"; };
		37ED167516607B1E0058498D /* Default@2x.png */ = {isa = PBXFileReference; lastKnownFileType = image.png; path = "Default@2x.png"; sourceTree = "<group>"; };
		37ED167716607B1E0058498D /* Default-568h@2x.png */ = {isa = PBXFileReference; lastKnownFileType = image.png; path = "Default-568h@2x.png"; sourceTree = "<group>"; };
		37ED167A16607B1E0058498D /* en */ = {isa = PBXFileReference; lastKnownFileType = file.storyboard; name = en; path = en.lproj/MainStoryboard.storyboard; sourceTree = "<group>"; };
		37F14F091661292E00B7B903 /* Icon@2x.png */ = {isa = PBXFileReference; lastKnownFileType = image.png; name = "Icon@2x.png"; path = "../Icon@2x.png"; sourceTree = "<group>"; };
		37F14F0C1661293100B7B903 /* Icon.png */ = {isa = PBXFileReference; lastKnownFileType = image.png; name = Icon.png; path = ../Icon.png; sourceTree = "<group>"; };
		37F14F1416612E9E00B7B903 /* AutocompleteViewController.h */ = {isa = PBXFileReference; fileEncoding = 4; lastKnownFileType = sourcecode.c.h; name = AutocompleteViewController.h; path = Classes/Controllers/AutocompleteViewController.h; sourceTree = "<group>"; };
		37F14F1516612E9E00B7B903 /* AutocompleteViewController.m */ = {isa = PBXFileReference; fileEncoding = 4; lastKnownFileType = sourcecode.c.objc; name = AutocompleteViewController.m; path = Classes/Controllers/AutocompleteViewController.m; sourceTree = "<group>"; };
		37F14F1B16612FEA00B7B903 /* AFHTTPClient.h */ = {isa = PBXFileReference; fileEncoding = 4; lastKnownFileType = sourcecode.c.h; path = AFHTTPClient.h; sourceTree = "<group>"; };
		37F14F1C16612FEA00B7B903 /* AFHTTPClient.m */ = {isa = PBXFileReference; fileEncoding = 4; lastKnownFileType = sourcecode.c.objc; path = AFHTTPClient.m; sourceTree = "<group>"; };
		37F14F1D16612FEA00B7B903 /* AFHTTPRequestOperation.h */ = {isa = PBXFileReference; fileEncoding = 4; lastKnownFileType = sourcecode.c.h; path = AFHTTPRequestOperation.h; sourceTree = "<group>"; };
		37F14F1E16612FEA00B7B903 /* AFHTTPRequestOperation.m */ = {isa = PBXFileReference; fileEncoding = 4; lastKnownFileType = sourcecode.c.objc; path = AFHTTPRequestOperation.m; sourceTree = "<group>"; };
		37F14F1F16612FEA00B7B903 /* AFImageRequestOperation.h */ = {isa = PBXFileReference; fileEncoding = 4; lastKnownFileType = sourcecode.c.h; path = AFImageRequestOperation.h; sourceTree = "<group>"; };
		37F14F2016612FEA00B7B903 /* AFImageRequestOperation.m */ = {isa = PBXFileReference; fileEncoding = 4; lastKnownFileType = sourcecode.c.objc; path = AFImageRequestOperation.m; sourceTree = "<group>"; };
		37F14F2116612FEA00B7B903 /* AFJSONRequestOperation.h */ = {isa = PBXFileReference; fileEncoding = 4; lastKnownFileType = sourcecode.c.h; path = AFJSONRequestOperation.h; sourceTree = "<group>"; };
		37F14F2216612FEA00B7B903 /* AFJSONRequestOperation.m */ = {isa = PBXFileReference; fileEncoding = 4; lastKnownFileType = sourcecode.c.objc; path = AFJSONRequestOperation.m; sourceTree = "<group>"; };
		37F14F2316612FEA00B7B903 /* AFNetworkActivityIndicatorManager.h */ = {isa = PBXFileReference; fileEncoding = 4; lastKnownFileType = sourcecode.c.h; path = AFNetworkActivityIndicatorManager.h; sourceTree = "<group>"; };
		37F14F2416612FEA00B7B903 /* AFNetworkActivityIndicatorManager.m */ = {isa = PBXFileReference; fileEncoding = 4; lastKnownFileType = sourcecode.c.objc; path = AFNetworkActivityIndicatorManager.m; sourceTree = "<group>"; };
		37F14F2516612FEA00B7B903 /* AFNetworking.h */ = {isa = PBXFileReference; fileEncoding = 4; lastKnownFileType = sourcecode.c.h; path = AFNetworking.h; sourceTree = "<group>"; };
		37F14F2616612FEA00B7B903 /* AFPropertyListRequestOperation.h */ = {isa = PBXFileReference; fileEncoding = 4; lastKnownFileType = sourcecode.c.h; path = AFPropertyListRequestOperation.h; sourceTree = "<group>"; };
		37F14F2716612FEA00B7B903 /* AFPropertyListRequestOperation.m */ = {isa = PBXFileReference; fileEncoding = 4; lastKnownFileType = sourcecode.c.objc; path = AFPropertyListRequestOperation.m; sourceTree = "<group>"; };
		37F14F2816612FEA00B7B903 /* AFURLConnectionOperation.h */ = {isa = PBXFileReference; fileEncoding = 4; lastKnownFileType = sourcecode.c.h; path = AFURLConnectionOperation.h; sourceTree = "<group>"; };
		37F14F2916612FEA00B7B903 /* AFURLConnectionOperation.m */ = {isa = PBXFileReference; fileEncoding = 4; lastKnownFileType = sourcecode.c.objc; path = AFURLConnectionOperation.m; sourceTree = "<group>"; };
		37F14F2A16612FEA00B7B903 /* AFXMLRequestOperation.h */ = {isa = PBXFileReference; fileEncoding = 4; lastKnownFileType = sourcecode.c.h; path = AFXMLRequestOperation.h; sourceTree = "<group>"; };
		37F14F2B16612FEA00B7B903 /* AFXMLRequestOperation.m */ = {isa = PBXFileReference; fileEncoding = 4; lastKnownFileType = sourcecode.c.objc; path = AFXMLRequestOperation.m; sourceTree = "<group>"; };
		37F14F2C16612FEA00B7B903 /* UIImageView+AFNetworking.h */ = {isa = PBXFileReference; fileEncoding = 4; lastKnownFileType = sourcecode.c.h; path = "UIImageView+AFNetworking.h"; sourceTree = "<group>"; };
		37F14F2D16612FEA00B7B903 /* UIImageView+AFNetworking.m */ = {isa = PBXFileReference; fileEncoding = 4; lastKnownFileType = sourcecode.c.objc; path = "UIImageView+AFNetworking.m"; sourceTree = "<group>"; };
		37F14F371661301000B7B903 /* MapKit.framework */ = {isa = PBXFileReference; lastKnownFileType = wrapper.framework; name = MapKit.framework; path = System/Library/Frameworks/MapKit.framework; sourceTree = SDKROOT; };
		37F14F391661301500B7B903 /* CoreLocation.framework */ = {isa = PBXFileReference; lastKnownFileType = wrapper.framework; name = CoreLocation.framework; path = System/Library/Frameworks/CoreLocation.framework; sourceTree = SDKROOT; };
		37F14F3B166131A900B7B903 /* SplashScreenViewController.h */ = {isa = PBXFileReference; fileEncoding = 4; lastKnownFileType = sourcecode.c.h; name = SplashScreenViewController.h; path = Classes/Controllers/SplashScreenViewController.h; sourceTree = "<group>"; };
		37F14F3C166131A900B7B903 /* SplashScreenViewController.m */ = {isa = PBXFileReference; fileEncoding = 4; lastKnownFileType = sourcecode.c.objc; name = SplashScreenViewController.m; path = Classes/Controllers/SplashScreenViewController.m; sourceTree = "<group>"; };
		37F14F3E16613C2500B7B903 /* LocationsViewController.h */ = {isa = PBXFileReference; fileEncoding = 4; lastKnownFileType = sourcecode.c.h; name = LocationsViewController.h; path = Classes/Controllers/LocationsViewController.h; sourceTree = "<group>"; };
		37F14F3F16613C2500B7B903 /* LocationsViewController.m */ = {isa = PBXFileReference; fileEncoding = 4; lastKnownFileType = sourcecode.c.objc; name = LocationsViewController.m; path = Classes/Controllers/LocationsViewController.m; sourceTree = "<group>"; };
		37F14F511661D35700B7B903 /* NSString+Helper.h */ = {isa = PBXFileReference; fileEncoding = 4; lastKnownFileType = sourcecode.c.h; name = "NSString+Helper.h"; path = "Classes/Utils/NSString+Helper.h"; sourceTree = "<group>"; };
		37F14F521661D35700B7B903 /* NSString+Helper.m */ = {isa = PBXFileReference; fileEncoding = 4; lastKnownFileType = sourcecode.c.objc; name = "NSString+Helper.m"; path = "Classes/Utils/NSString+Helper.m"; sourceTree = "<group>"; };
/* End PBXFileReference section */

/* Begin PBXFrameworksBuildPhase section */
		37ED165A16607B1E0058498D /* Frameworks */ = {
			isa = PBXFrameworksBuildPhase;
			buildActionMask = 2147483647;
			files = (
				37F14F3A1661301500B7B903 /* CoreLocation.framework in Frameworks */,
				37F14F381661301000B7B903 /* MapKit.framework in Frameworks */,
				37ED166216607B1E0058498D /* UIKit.framework in Frameworks */,
				37ED166416607B1E0058498D /* Foundation.framework in Frameworks */,
				37ED166616607B1E0058498D /* CoreGraphics.framework in Frameworks */,
			);
			runOnlyForDeploymentPostprocessing = 0;
		};
/* End PBXFrameworksBuildPhase section */

/* Begin PBXGroup section */
		37128DDE1662C85D00EFBF50 /* Images */ = {
			isa = PBXGroup;
			children = (
				37128DDF1662C85D00EFBF50 /* Background-568h@2x.png */,
				37128DE01662C85D00EFBF50 /* Background.png */,
				37128DE11662C85D00EFBF50 /* Background@2x.png */,
				376FBE8A16630A970005E246 /* LocationsBG-568h@2x.png */,
				376FBE8B16630A970005E246 /* LocationsBG.png */,
				376FBE8C16630A970005E246 /* LocationsBG@2x.png */,
				37128DE21662C85D00EFBF50 /* Logo-568h@2x.png */,
				37128DE31662C85D00EFBF50 /* Logo.png */,
				37128DE41662C85D00EFBF50 /* Logo@2x.png */,
				37ECB5AC1665C0D30005364B /* Map_big.png */,
				372B255B1664495D0037D64F /* Map-568h@2x */,
				372B255C1664495D0037D64F /* Map.png */,
				372B255D1664495D0037D64F /* Map@2x.png */,
			);
			path = Images;
			sourceTree = "<group>";
		};
		3746865B1662D7A20088F272 /* Views */ = {
			isa = PBXGroup;
			children = (
				37ECB5B61665CF060005364B /* Annotation.h */,
				37ECB5B71665CF060005364B /* Annotation.m */,
			);
			name = Views;
			sourceTree = "<group>";
		};
		37B6140B1665018B0022D381 /* Models */ = {
			isa = PBXGroup;
			children = (
				37B61407166501870022D381 /* DataSingleton.h */,
				37B61408166501870022D381 /* DataSingleton.m */,
			);
			name = Models;
			sourceTree = "<group>";
		};
		37ECB5A21665A99F0005364B /* Localization */ = {
			isa = PBXGroup;
			children = (
				37ECB5A31665AA570005364B /* en */,
			);
			name = Localization;
			sourceTree = "<group>";
		};
		37ECB5A31665AA570005364B /* en */ = {
			isa = PBXGroup;
			children = (
				37ECB59E1665A9940005364B /* Localizable.strings */,
				37ED166A16607B1E0058498D /* InfoPlist.strings */,
				37ED167916607B1E0058498D /* MainStoryboard.storyboard */,
			);
			name = en;
			sourceTree = "<group>";
		};
		37ED165216607B1E0058498D = {
			isa = PBXGroup;
			children = (
				37ED166716607B1E0058498D /* FareFinder */,
				37ED166016607B1E0058498D /* Frameworks */,
				37ED165E16607B1E0058498D /* Products */,
			);
			sourceTree = "<group>";
		};
		37ED165E16607B1E0058498D /* Products */ = {
			isa = PBXGroup;
			children = (
				37ED165D16607B1E0058498D /* FareFinder.app */,
			);
			name = Products;
			sourceTree = "<group>";
		};
		37ED166016607B1E0058498D /* Frameworks */ = {
			isa = PBXGroup;
			children = (
				37F14F1A16612FEA00B7B903 /* AFNetworking */,
				37F14F391661301500B7B903 /* CoreLocation.framework */,
				37ED166516607B1E0058498D /* CoreGraphics.framework */,
				37ED166316607B1E0058498D /* Foundation.framework */,
				37F14F371661301000B7B903 /* MapKit.framework */,
				37ED166116607B1E0058498D /* UIKit.framework */,
			);
			name = Frameworks;
			sourceTree = "<group>";
		};
		37ED166716607B1E0058498D /* FareFinder */ = {
			isa = PBXGroup;
			children = (
				37F14F1316612E1900B7B903 /* Classes */,
				37ECB5A21665A99F0005364B /* Localization */,
				37128DDE1662C85D00EFBF50 /* Images */,
				37ED166816607B1E0058498D /* Supporting Files */,
			);
			path = FareFinder;
			sourceTree = "<group>";
		};
		37ED166816607B1E0058498D /* Supporting Files */ = {
			isa = PBXGroup;
			children = (
				37ED167016607B1E0058498D /* AppDelegate.h */,
				37ED167116607B1E0058498D /* AppDelegate.m */,
				37ED166916607B1E0058498D /* FareFinder-Info.plist */,
				37ED166D16607B1E0058498D /* main.m */,
				37ED166F16607B1E0058498D /* FareFinder-Prefix.pch */,
				37F14F0C1661293100B7B903 /* Icon.png */,
				37F14F091661292E00B7B903 /* Icon@2x.png */,
				37ED167316607B1E0058498D /* Default.png */,
				37ED167516607B1E0058498D /* Default@2x.png */,
				37ED167716607B1E0058498D /* Default-568h@2x.png */,
			);
			name = "Supporting Files";
			sourceTree = "<group>";
		};
		37F14F1216612E1500B7B903 /* Utils */ = {
			isa = PBXGroup;
			children = (
				37F14F511661D35700B7B903 /* NSString+Helper.h */,
				37F14F521661D35700B7B903 /* NSString+Helper.m */,
			);
			name = Utils;
			sourceTree = "<group>";
		};
		37F14F1316612E1900B7B903 /* Classes */ = {
			isa = PBXGroup;
			children = (
				37B6140B1665018B0022D381 /* Models */,
				3746865B1662D7A20088F272 /* Views */,
				37F14F1716612EA300B7B903 /* Controllers */,
				37F14F1216612E1500B7B903 /* Utils */,
			);
			name = Classes;
			sourceTree = "<group>";
		};
		37F14F1716612EA300B7B903 /* Controllers */ = {
			isa = PBXGroup;
			children = (
				37F14F1416612E9E00B7B903 /* AutocompleteViewController.h */,
				37F14F1516612E9E00B7B903 /* AutocompleteViewController.m */,
				37F14F3E16613C2500B7B903 /* LocationsViewController.h */,
				37F14F3F16613C2500B7B903 /* LocationsViewController.m */,
				372B256116644B260037D64F /* MapViewController.h */,
				372B256216644B270037D64F /* MapViewController.m */,
				37128DDB1662C59600EFBF50 /* ResultsViewController.h */,
				37128DDC1662C59600EFBF50 /* ResultsViewController.m */,
				37F14F3B166131A900B7B903 /* SplashScreenViewController.h */,
				37F14F3C166131A900B7B903 /* SplashScreenViewController.m */,
			);
			name = Controllers;
			sourceTree = "<group>";
		};
		37F14F1A16612FEA00B7B903 /* AFNetworking */ = {
			isa = PBXGroup;
			children = (
				37F14F1B16612FEA00B7B903 /* AFHTTPClient.h */,
				37F14F1C16612FEA00B7B903 /* AFHTTPClient.m */,
				37F14F1D16612FEA00B7B903 /* AFHTTPRequestOperation.h */,
				37F14F1E16612FEA00B7B903 /* AFHTTPRequestOperation.m */,
				37F14F1F16612FEA00B7B903 /* AFImageRequestOperation.h */,
				37F14F2016612FEA00B7B903 /* AFImageRequestOperation.m */,
				37F14F2116612FEA00B7B903 /* AFJSONRequestOperation.h */,
				37F14F2216612FEA00B7B903 /* AFJSONRequestOperation.m */,
				37F14F2316612FEA00B7B903 /* AFNetworkActivityIndicatorManager.h */,
				37F14F2416612FEA00B7B903 /* AFNetworkActivityIndicatorManager.m */,
				37F14F2516612FEA00B7B903 /* AFNetworking.h */,
				37F14F2616612FEA00B7B903 /* AFPropertyListRequestOperation.h */,
				37F14F2716612FEA00B7B903 /* AFPropertyListRequestOperation.m */,
				37F14F2816612FEA00B7B903 /* AFURLConnectionOperation.h */,
				37F14F2916612FEA00B7B903 /* AFURLConnectionOperation.m */,
				37F14F2A16612FEA00B7B903 /* AFXMLRequestOperation.h */,
				37F14F2B16612FEA00B7B903 /* AFXMLRequestOperation.m */,
				37F14F2C16612FEA00B7B903 /* UIImageView+AFNetworking.h */,
				37F14F2D16612FEA00B7B903 /* UIImageView+AFNetworking.m */,
			);
			path = AFNetworking;
			sourceTree = "<group>";
		};
/* End PBXGroup section */

/* Begin PBXNativeTarget section */
		37ED165C16607B1E0058498D /* FareFinder */ = {
			isa = PBXNativeTarget;
			buildConfigurationList = 37ED168116607B1E0058498D /* Build configuration list for PBXNativeTarget "FareFinder" */;
			buildPhases = (
				37ED165916607B1E0058498D /* Sources */,
				37ED165A16607B1E0058498D /* Frameworks */,
				37ED165B16607B1E0058498D /* Resources */,
			);
			buildRules = (
			);
			dependencies = (
			);
			name = FareFinder;
			productName = FareFinder;
			productReference = 37ED165D16607B1E0058498D /* FareFinder.app */;
			productType = "com.apple.product-type.application";
		};
/* End PBXNativeTarget section */

/* Begin PBXProject section */
		37ED165416607B1E0058498D /* Project object */ = {
			isa = PBXProject;
			attributes = {
				LastUpgradeCheck = 0450;
				ORGANIZATIONNAME = "Nicolas Duvieusart Dery";
			};
			buildConfigurationList = 37ED165716607B1E0058498D /* Build configuration list for PBXProject "FareFinder" */;
			compatibilityVersion = "Xcode 3.2";
			developmentRegion = English;
			hasScannedForEncodings = 0;
			knownRegions = (
				en,
			);
			mainGroup = 37ED165216607B1E0058498D;
			productRefGroup = 37ED165E16607B1E0058498D /* Products */;
			projectDirPath = "";
			projectRoot = "";
			targets = (
				37ED165C16607B1E0058498D /* FareFinder */,
			);
		};
/* End PBXProject section */

/* Begin PBXResourcesBuildPhase section */
		37ED165B16607B1E0058498D /* Resources */ = {
			isa = PBXResourcesBuildPhase;
			buildActionMask = 2147483647;
			files = (
				37ED166C16607B1E0058498D /* InfoPlist.strings in Resources */,
				37ED167416607B1E0058498D /* Default.png in Resources */,
				37ED167616607B1E0058498D /* Default@2x.png in Resources */,
				37ED167816607B1E0058498D /* Default-568h@2x.png in Resources */,
				37ED167B16607B1E0058498D /* MainStoryboard.storyboard in Resources */,
				37F14F0A1661292E00B7B903 /* Icon@2x.png in Resources */,
				37F14F0D1661293100B7B903 /* Icon.png in Resources */,
				37128DE51662C85D00EFBF50 /* Background-568h@2x.png in Resources */,
				37128DE61662C85D00EFBF50 /* Background.png in Resources */,
				37128DE71662C85D00EFBF50 /* Background@2x.png in Resources */,
				37128DE81662C85D00EFBF50 /* Logo-568h@2x.png in Resources */,
				37128DE91662C85D00EFBF50 /* Logo.png in Resources */,
				37128DEA1662C85D00EFBF50 /* Logo@2x.png in Resources */,
				376FBE8D16630A970005E246 /* LocationsBG-568h@2x.png in Resources */,
				376FBE8E16630A970005E246 /* LocationsBG.png in Resources */,
				376FBE8F16630A970005E246 /* LocationsBG@2x.png in Resources */,
				372B255E1664495D0037D64F /* Map-568h@2x in Resources */,
				372B255F1664495D0037D64F /* Map.png in Resources */,
				372B25601664495D0037D64F /* Map@2x.png in Resources */,
				37ECB5A01665A9940005364B /* Localizable.strings in Resources */,
				37ECB5AD1665C0D30005364B /* Map_big.png in Resources */,
			);
			runOnlyForDeploymentPostprocessing = 0;
		};
/* End PBXResourcesBuildPhase section */

/* Begin PBXSourcesBuildPhase section */
		37ED165916607B1E0058498D /* Sources */ = {
			isa = PBXSourcesBuildPhase;
			buildActionMask = 2147483647;
			files = (
				37ED166E16607B1E0058498D /* main.m in Sources */,
				37ED167216607B1E0058498D /* AppDelegate.m in Sources */,
				37F14F1616612E9E00B7B903 /* AutocompleteViewController.m in Sources */,
				37F14F2E16612FEA00B7B903 /* AFHTTPClient.m in Sources */,
				37F14F2F16612FEA00B7B903 /* AFHTTPRequestOperation.m in Sources */,
				37F14F3016612FEA00B7B903 /* AFImageRequestOperation.m in Sources */,
				37F14F3116612FEA00B7B903 /* AFJSONRequestOperation.m in Sources */,
				37F14F3216612FEA00B7B903 /* AFNetworkActivityIndicatorManager.m in Sources */,
				37F14F3316612FEA00B7B903 /* AFPropertyListRequestOperation.m in Sources */,
				37F14F3416612FEA00B7B903 /* AFURLConnectionOperation.m in Sources */,
				37F14F3516612FEA00B7B903 /* AFXMLRequestOperation.m in Sources */,
				37F14F3616612FEA00B7B903 /* UIImageView+AFNetworking.m in Sources */,
				37F14F3D166131A900B7B903 /* SplashScreenViewController.m in Sources */,
				37F14F4016613C2500B7B903 /* LocationsViewController.m in Sources */,
				37F14F531661D35700B7B903 /* NSString+Helper.m in Sources */,
				37128DDD1662C59600EFBF50 /* ResultsViewController.m in Sources */,
				372B256316644B270037D64F /* MapViewController.m in Sources */,
				37B61409166501870022D381 /* DataSingleton.m in Sources */,
				37ECB5B81665CF060005364B /* Annotation.m in Sources */,
			);
			runOnlyForDeploymentPostprocessing = 0;
		};
/* End PBXSourcesBuildPhase section */

/* Begin PBXVariantGroup section */
		37ECB59E1665A9940005364B /* Localizable.strings */ = {
			isa = PBXVariantGroup;
			children = (
				37ECB59F1665A9940005364B /* en */,
			);
			name = Localizable.strings;
			sourceTree = "<group>";
		};
		37ED166A16607B1E0058498D /* InfoPlist.strings */ = {
			isa = PBXVariantGroup;
			children = (
				37ED166B16607B1E0058498D /* en */,
			);
			name = InfoPlist.strings;
			sourceTree = "<group>";
		};
		37ED167916607B1E0058498D /* MainStoryboard.storyboard */ = {
			isa = PBXVariantGroup;
			children = (
				37ED167A16607B1E0058498D /* en */,
			);
			name = MainStoryboard.storyboard;
			sourceTree = "<group>";
		};
/* End PBXVariantGroup section */

/* Begin XCBuildConfiguration section */
		37ED167F16607B1E0058498D /* Debug */ = {
			isa = XCBuildConfiguration;
			buildSettings = {
				ALWAYS_SEARCH_USER_PATHS = NO;
				CLANG_CXX_LANGUAGE_STANDARD = "gnu++0x";
				CLANG_CXX_LIBRARY = "libc++";
				CLANG_ENABLE_OBJC_ARC = YES;
				CLANG_WARN_EMPTY_BODY = YES;
				CLANG_WARN__DUPLICATE_METHOD_MATCH = YES;
				CODE_SIGN_IDENTITY = "iPhone Developer: Nicolas Duvieusart Dery (4PZMB54W4K)";
				"CODE_SIGN_IDENTITY[sdk=iphoneos*]" = "iPhone Developer: Nicolas Duvieusart Dery (4PZMB54W4K)";
				COPY_PHASE_STRIP = NO;
				GCC_C_LANGUAGE_STANDARD = gnu99;
				GCC_DYNAMIC_NO_PIC = NO;
				GCC_OPTIMIZATION_LEVEL = 0;
				GCC_PREPROCESSOR_DEFINITIONS = (
					"DEBUG=1",
					"$(inherited)",
				);
				GCC_SYMBOLS_PRIVATE_EXTERN = NO;
				GCC_WARN_ABOUT_RETURN_TYPE = YES;
				GCC_WARN_UNINITIALIZED_AUTOS = YES;
				GCC_WARN_UNUSED_VARIABLE = YES;
				IPHONEOS_DEPLOYMENT_TARGET = 6.0;
				ONLY_ACTIVE_ARCH = YES;
				PROVISIONING_PROFILE = "5FEEC2CE-0635-42A4-8101-3D310CAC0A06";
				"PROVISIONING_PROFILE[sdk=iphoneos*]" = "5FEEC2CE-0635-42A4-8101-3D310CAC0A06";
				SDKROOT = iphoneos;
			};
			name = Debug;
		};
		37ED168016607B1E0058498D /* Release */ = {
			isa = XCBuildConfiguration;
			buildSettings = {
				ALWAYS_SEARCH_USER_PATHS = NO;
				CLANG_CXX_LANGUAGE_STANDARD = "gnu++0x";
				CLANG_CXX_LIBRARY = "libc++";
				CLANG_ENABLE_OBJC_ARC = YES;
				CLANG_WARN_EMPTY_BODY = YES;
				CLANG_WARN__DUPLICATE_METHOD_MATCH = YES;
				CODE_SIGN_IDENTITY = "iPhone Developer: Nicolas Duvieusart Dery (4PZMB54W4K)";
				"CODE_SIGN_IDENTITY[sdk=iphoneos*]" = "iPhone Developer: Nicolas Duvieusart Dery (4PZMB54W4K)";
				COPY_PHASE_STRIP = YES;
				GCC_C_LANGUAGE_STANDARD = gnu99;
				GCC_WARN_ABOUT_RETURN_TYPE = YES;
				GCC_WARN_UNINITIALIZED_AUTOS = YES;
				GCC_WARN_UNUSED_VARIABLE = YES;
				IPHONEOS_DEPLOYMENT_TARGET = 6.0;
				OTHER_CFLAGS = "-DNS_BLOCK_ASSERTIONS=1";
				PROVISIONING_PROFILE = "5FEEC2CE-0635-42A4-8101-3D310CAC0A06";
				"PROVISIONING_PROFILE[sdk=iphoneos*]" = "5FEEC2CE-0635-42A4-8101-3D310CAC0A06";
				SDKROOT = iphoneos;
				VALIDATE_PRODUCT = YES;
			};
			name = Release;
		};
		37ED168216607B1E0058498D /* Debug */ = {
			isa = XCBuildConfiguration;
			buildSettings = {
				GCC_PRECOMPILE_PREFIX_HEADER = YES;
				GCC_PREFIX_HEADER = "FareFinder/FareFinder-Prefix.pch";
				INFOPLIST_FILE = "FareFinder/FareFinder-Info.plist";
				PRODUCT_NAME = "$(TARGET_NAME)";
				WRAPPER_EXTENSION = app;
			};
			name = Debug;
		};
		37ED168316607B1E0058498D /* Release */ = {
			isa = XCBuildConfiguration;
			buildSettings = {
				GCC_PRECOMPILE_PREFIX_HEADER = YES;
				GCC_PREFIX_HEADER = "FareFinder/FareFinder-Prefix.pch";
				INFOPLIST_FILE = "FareFinder/FareFinder-Info.plist";
				PRODUCT_NAME = "$(TARGET_NAME)";
				WRAPPER_EXTENSION = app;
			};
			name = Release;
		};
/* End XCBuildConfiguration section */

/* Begin XCConfigurationList section */
		37ED165716607B1E0058498D /* Build configuration list for PBXProject "FareFinder" */ = {
			isa = XCConfigurationList;
			buildConfigurations = (
				37ED167F16607B1E0058498D /* Debug */,
				37ED168016607B1E0058498D /* Release */,
			);
			defaultConfigurationIsVisible = 0;
			defaultConfigurationName = Release;
		};
		37ED168116607B1E0058498D /* Build configuration list for PBXNativeTarget "FareFinder" */ = {
			isa = XCConfigurationList;
			buildConfigurations = (
				37ED168216607B1E0058498D /* Debug */,
				37ED168316607B1E0058498D /* Release */,
			);
			defaultConfigurationIsVisible = 0;
			defaultConfigurationName = Release;
		};
/* End XCConfigurationList section */
	};
	rootObject = 37ED165416607B1E0058498D /* Project object */;
}
